
Microsoft Visual Studio Solution File, Format Version 12.00
# Visual Studio 15
VisualStudioVersion = 15.0.27130.2010
MinimumVisualStudioVersion = 10.0.40219.1
Project("{8BC9CEB8-8B4A-11D0-8D11-00A0C91BC942}") = "prj_euler", "prj_euler\prj_euler.vcxproj", "{46E55125-2D67-42BC-B729-D9ECA3C8AE90}"
EndProject
Global
	GlobalSection(SolutionConfigurationPlatforms) = preSolution
		Debug|x64 = Debug|x64
		Debug|x86 = Debug|x86
		Release|x64 = Release|x64
		Release|x86 = Release|x86
	EndGlobalSection
	GlobalSection(ProjectConfigurationPlatforms) = postSolution
		{46E55125-2D67-42BC-B729-D9ECA3C8AE90}.Debug|x64.ActiveCfg = Debug|x64
		{46E55125-2D67-42BC-B729-D9ECA3C8AE90}.Debug|x64.Build.0 = Debug|x64
		{46E55125-2D67-42BC-B729-D9ECA3C8AE90}.Debug|x86.ActiveCfg = Debug|Win32
		{46E55125-2D67-42BC-B729-D9ECA3C8AE90}.Debug|x86.Build.0 = Debug|Win32
		{46E55125-2D67-42BC-B729-D9ECA3C8AE90}.Release|x64.ActiveCfg = Release|x64
		{46E55125-2D67-42BC-B729-D9ECA3C8AE90}.Release|x64.Build.0 = Release|x64
		{46E55125-2D67-42BC-B729-D9ECA3C8AE90}.Release|x86.ActiveCfg = Release|Win32
		{46E55125-2D67-42BC-B729-D9ECA3C8AE90}.Release|x86.Build.0 = Release|Win32
	EndGlobalSection
	GlobalSection(SolutionProperties) = preSolution
		HideSolutionNode = FALSE
	EndGlobalSection
	GlobalSection(ExtensibilityGlobals) = postSolution
		SolutionGuid = {BC00832A-17A1-4F16-BCD3-118B6E293C7E}
	EndGlobalSection
EndGlobal
